{
  "requires": true,
  "lockfileVersion": 1,
  "dependencies": {
    "events": {
      "version": "2.1.0",
      "resolved": "https://registry.npmjs.org/events/-/events-2.1.0.tgz",
      "integrity": "sha512-3Zmiobend8P9DjmKAty0Era4jV8oJ0yGYe2nJJAxgymF9+N8F2m0hhZiMoWtcfepExzNKZumFU3ksdQbInGWCg=="
    },
    "metrics": {
      "version": "0.1.21",
      "resolved": "https://registry.npmjs.org/metrics/-/metrics-0.1.21.tgz",
      "integrity": "sha512-Lg/0Kj7fani6FDmlC99glxpPjK3GHzE50Hp6IVIaMhGc9ZxR2MF0Eo4haOl1C0cGWpRkViv45P0hdvRJghkJtQ==",
      "requires": {
        "events": "^2.0.0"
      }
    },
    "metrics-influxdb": {
      "version": "1.0.1",
      "resolved": "https://registry.npmjs.org/metrics-influxdb/-/metrics-influxdb-1.0.1.tgz",
      "integrity": "sha512-njOUMNALeGRswRt7xKYGWl1b8T19/hHAuIpn64wR1Wodw6cpvmR9w3M9/jHIe4hNL+KX10klu1vj9QaHF7xw2A==",
      "requires": {
        "metrics": "^0.1.21"
      }
    }
  }
}
